// !$*UTF8*$!
{
	archiveVersion = 1;
	classes = {
	};
	objectVersion = 48;
	objects = {

/* Begin PBXBuildFile section */
		EE9DEA9E2317CAD8002CE7B8 /* AppDelegate.swift in Sources */ = {isa = PBXBuildFile; fileRef = EE9DEA9D2317CAD8002CE7B8 /* AppDelegate.swift */; };
		EE9DEAA02317CAD8002CE7B8 /* ViewController.swift in Sources */ = {isa = PBXBuildFile; fileRef = EE9DEA9F2317CAD8002CE7B8 /* ViewController.swift */; };
		EE9DEAA32317CAD8002CE7B8 /* Main.storyboard in Resources */ = {isa = PBXBuildFile; fileRef = EE9DEAA12317CAD8002CE7B8 /* Main.storyboard */; };
		EE9DEAA52317CAD8002CE7B8 /* Assets.xcassets in Resources */ = {isa = PBXBuildFile; fileRef = EE9DEAA42317CAD8002CE7B8 /* Assets.xcassets */; };
		EE9DEAA82317CAD8002CE7B8 /* LaunchScreen.storyboard in Resources */ = {isa = PBXBuildFile; fileRef = EE9DEAA62317CAD8002CE7B8 /* LaunchScreen.storyboard */; };
		EE9DEAB32317CAD8002CE7B8 /* countTests.swift in Sources */ = {isa = PBXBuildFile; fileRef = EE9DEAB22317CAD8002CE7B8 /* countTests.swift */; };
		EE9DEABE2317CAD9002CE7B8 /* countUITests.swift in Sources */ = {isa = PBXBuildFile; fileRef = EE9DEABD2317CAD9002CE7B8 /* countUITests.swift */; };
/* End PBXBuildFile section */

/* Begin PBXContainerItemProxy section */
		EE9DEAAF2317CAD8002CE7B8 /* PBXContainerItemProxy */ = {
			isa = PBXContainerItemProxy;
			containerPortal = EE9DEA922317CAD8002CE7B8 /* Project object */;
			proxyType = 1;
			remoteGlobalIDString = EE9DEA992317CAD8002CE7B8;
			remoteInfo = count;
		};
		EE9DEABA2317CAD9002CE7B8 /* PBXContainerItemProxy */ = {
			isa = PBXContainerItemProxy;
			containerPortal = EE9DEA922317CAD8002CE7B8 /* Project object */;
			proxyType = 1;
			remoteGlobalIDString = EE9DEA992317CAD8002CE7B8;
			remoteInfo = count;
		};
/* End PBXContainerItemProxy section */

/* Begin PBXFileReference section */
		EE9DEA9A2317CAD8002CE7B8 /* count.app */ = {isa = PBXFileReference; explicitFileType = wrapper.application; includeInIndex = 0; path = count.app; sourceTree = BUILT_PRODUCTS_DIR; };
		EE9DEA9D2317CAD8002CE7B8 /* AppDelegate.swift */ = {isa = PBXFileReference; lastKnownFileType = sourcecode.swift; path = AppDelegate.swift; sourceTree = "<group>"; };
		EE9DEA9F2317CAD8002CE7B8 /* ViewController.swift */ = {isa = PBXFileReference; lastKnownFileType = sourcecode.swift; path = ViewController.swift; sourceTree = "<group>"; };
		EE9DEAA22317CAD8002CE7B8 /* Base */ = {isa = PBXFileReference; lastKnownFileType = file.storyboard; name = Base; path = Base.lproj/Main.storyboard; sourceTree = "<group>"; };
		EE9DEAA42317CAD8002CE7B8 /* Assets.xcassets */ = {isa = PBXFileReference; lastKnownFileType = folder.assetcatalog; path = Assets.xcassets; sourceTree = "<group>"; };
		EE9DEAA72317CAD8002CE7B8 /* Base */ = {isa = PBXFileReference; lastKnownFileType = file.storyboard; name = Base; path = Base.lproj/LaunchScreen.storyboard; sourceTree = "<group>"; };
		EE9DEAA92317CAD8002CE7B8 /* Info.plist */ = {isa = PBXFileReference; lastKnownFileType = text.plist.xml; path = Info.plist; sourceTree = "<group>"; };
		EE9DEAAE2317CAD8002CE7B8 /* countTests.xctest */ = {isa = PBXFileReference; explicitFileType = wrapper.cfbundle; includeInIndex = 0; path = countTests.xctest; sourceTree = BUILT_PRODUCTS_DIR; };
		EE9DEAB22317CAD8002CE7B8 /* countTests.swift */ = {isa = PBXFileReference; lastKnownFileType = sourcecode.swift; path = countTests.swift; sourceTree = "<group>"; };
		EE9DEAB42317CAD8002CE7B8 /* Info.plist */ = {isa = PBXFileReference; lastKnownFileType = text.plist.xml; path = Info.plist; sourceTree = "<group>"; };
		EE9DEAB92317CAD8002CE7B8 /* countUITests.xctest */ = {isa = PBXFileReference; explicitFileType = wrapper.cfbundle; includeInIndex = 0; path = countUITests.xctest; sourceTree = BUILT_PRODUCTS_DIR; };
		EE9DEABD2317CAD9002CE7B8 /* countUITests.swift */ = {isa = PBXFileReference; lastKnownFileType = sourcecode.swift; path = countUITests.swift; sourceTree = "<group>"; };
		EE9DEABF2317CAD9002CE7B8 /* Info.plist */ = {isa = PBXFileReference; lastKnownFileType = text.plist.xml; path = Info.plist; sourceTree = "<group>"; };
/* End PBXFileReference section */

/* Begin PBXFrameworksBuildPhase section */
		EE9DEA972317CAD8002CE7B8 /* Frameworks */ = {
			isa = PBXFrameworksBuildPhase;
			buildActionMask = 2147483647;
			files = (
			);
			runOnlyForDeploymentPostprocessing = 0;
		};
		EE9DEAAB2317CAD8002CE7B8 /* Frameworks */ = {
			isa = PBXFrameworksBuildPhase;
			buildActionMask = 2147483647;
			files = (
			);
			runOnlyForDeploymentPostprocessing = 0;
		};
		EE9DEAB62317CAD8002CE7B8 /* Frameworks */ = {
			isa = PBXFrameworksBuildPhase;
			buildActionMask = 2147483647;
			files = (
			);
			runOnlyForDeploymentPostprocessing = 0;
		};
/* End PBXFrameworksBuildPhase section */

/* Begin PBXGroup section */
		EE9DEA912317CAD8002CE7B8 = {
			isa = PBXGroup;
			children = (
				EE9DEA9C2317CAD8002CE7B8 /* count */,
				EE9DEAB12317CAD8002CE7B8 /* countTests */,
				EE9DEABC2317CAD9002CE7B8 /* countUITests */,
				EE9DEA9B2317CAD8002CE7B8 /* Products */,
			);
			sourceTree = "<group>";
		};
		EE9DEA9B2317CAD8002CE7B8 /* Products */ = {
			isa = PBXGroup;
			children = (
				EE9DEA9A2317CAD8002CE7B8 /* count.app */,
				EE9DEAAE2317CAD8002CE7B8 /* countTests.xctest */,
				EE9DEAB92317CAD8002CE7B8 /* countUITests.xctest */,
			);
			name = Products;
			sourceTree = "<group>";
		};
		EE9DEA9C2317CAD8002CE7B8 /* count */ = {
			isa = PBXGroup;
			children = (
				EE9DEA9D2317CAD8002CE7B8 /* AppDelegate.swift */,
				EE9DEA9F2317CAD8002CE7B8 /* ViewController.swift */,
				EE9DEAA12317CAD8002CE7B8 /* Main.storyboard */,
				EE9DEAA42317CAD8002CE7B8 /* Assets.xcassets */,
				EE9DEAA62317CAD8002CE7B8 /* LaunchScreen.storyboard */,
				EE9DEAA92317CAD8002CE7B8 /* Info.plist */,
			);
			path = count;
			sourceTree = "<group>";
		};
		EE9DEAB12317CAD8002CE7B8 /* countTests */ = {
			isa = PBXGroup;
			children = (
				EE9DEAB22317CAD8002CE7B8 /* countTests.swift */,
				EE9DEAB42317CAD8002CE7B8 /* Info.plist */,
			);
			path = countTests;
			sourceTree = "<group>";
		};
		EE9DEABC2317CAD9002CE7B8 /* countUITests */ = {
			isa = PBXGroup;
			children = (
				EE9DEABD2317CAD9002CE7B8 /* countUITests.swift */,
				EE9DEABF2317CAD9002CE7B8 /* Info.plist */,
			);
			path = countUITests;
			sourceTree = "<group>";
		};
/* End PBXGroup section */

/* Begin PBXNativeTarget section */
		EE9DEA992317CAD8002CE7B8 /* count */ = {
			isa = PBXNativeTarget;
			buildConfigurationList = EE9DEAC22317CAD9002CE7B8 /* Build configuration list for PBXNativeTarget "count" */;
			buildPhases = (
				EE9DEA962317CAD8002CE7B8 /* Sources */,
				EE9DEA972317CAD8002CE7B8 /* Frameworks */,
				EE9DEA982317CAD8002CE7B8 /* Resources */,
			);
			buildRules = (
			);
			dependencies = (
			);
			name = count;
			productName = count;
			productReference = EE9DEA9A2317CAD8002CE7B8 /* count.app */;
			productType = "com.apple.product-type.application";
		};
		EE9DEAAD2317CAD8002CE7B8 /* countTests */ = {
			isa = PBXNativeTarget;
			buildConfigurationList = EE9DEAC52317CAD9002CE7B8 /* Build configuration list for PBXNativeTarget "countTests" */;
			buildPhases = (
				EE9DEAAA2317CAD8002CE7B8 /* Sources */,
				EE9DEAAB2317CAD8002CE7B8 /* Frameworks */,
				EE9DEAAC2317CAD8002CE7B8 /* Resources */,
			);
			buildRules = (
			);
			dependencies = (
				EE9DEAB02317CAD8002CE7B8 /* PBXTargetDependency */,
			);
			name = countTests;
			productName = countTests;
			productReference = EE9DEAAE2317CAD8002CE7B8 /* countTests.xctest */;
			productType = "com.apple.product-type.bundle.unit-test";
		};
		EE9DEAB82317CAD8002CE7B8 /* countUITests */ = {
			isa = PBXNativeTarget;
			buildConfigurationList = EE9DEAC82317CAD9002CE7B8 /* Build configuration list for PBXNativeTarget "countUITests" */;
			buildPhases = (
				EE9DEAB52317CAD8002CE7B8 /* Sources */,
				EE9DEAB62317CAD8002CE7B8 /* Frameworks */,
				EE9DEAB72317CAD8002CE7B8 /* Resources */,
			);
			buildRules = (
			);
			dependencies = (
				EE9DEABB2317CAD9002CE7B8 /* PBXTargetDependency */,
			);
			name = countUITests;
			productName = countUITests;
			productReference = EE9DEAB92317CAD8002CE7B8 /* countUITests.xctest */;
			productType = "com.apple.product-type.bundle.ui-testing";
		};
/* End PBXNativeTarget section */

/* Begin PBXProject section */
		EE9DEA922317CAD8002CE7B8 /* Project object */ = {
			isa = PBXProject;
			attributes = {
				LastSwiftUpdateCheck = 0920;
				LastUpgradeCheck = 0920;
				ORGANIZATIONNAME = "test company";
				TargetAttributes = {
					EE9DEA992317CAD8002CE7B8 = {
						CreatedOnToolsVersion = 9.2;
						ProvisioningStyle = Automatic;
					};
					EE9DEAAD2317CAD8002CE7B8 = {
						CreatedOnToolsVersion = 9.2;
						ProvisioningStyle = Automatic;
						TestTargetID = EE9DEA992317CAD8002CE7B8;
					};
					EE9DEAB82317CAD8002CE7B8 = {
						CreatedOnToolsVersion = 9.2;
						ProvisioningStyle = Automatic;
						TestTargetID = EE9DEA992317CAD8002CE7B8;
					};
				};
			};
			buildConfigurationList = EE9DEA952317CAD8002CE7B8 /* Build configuration list for PBXProject "count" */;
			compatibilityVersion = "Xcode 8.0";
			developmentRegion = en;
			hasScannedForEncodings = 0;
			knownRegions = (
				en,
				Base,
			);
			mainGroup = EE9DEA912317CAD8002CE7B8;
			productRefGroup = EE9DEA9B2317CAD8002CE7B8 /* Products */;
			projectDirPath = "";
			projectRoot = "";
			targets = (
				EE9DEA992317CAD8002CE7B8 /* count */,
				EE9DEAAD2317CAD8002CE7B8 /* countTests */,
				EE9DEAB82317CAD8002CE7B8 /* countUITests */,
			);
		};
/* End PBXProject section */

/* Begin PBXResourcesBuildPhase section */
		EE9DEA982317CAD8002CE7B8 /* Resources */ = {
			isa = PBXResourcesBuildPhase;
			buildActionMask = 2147483647;
			files = (
				EE9DEAA82317CAD8002CE7B8 /* LaunchScreen.storyboard in Resources */,
				EE9DEAA52317CAD8002CE7B8 /* Assets.xcassets in Resources */,
				EE9DEAA32317CAD8002CE7B8 /* Main.storyboard in Resources */,
			);
			runOnlyForDeploymentPostprocessing = 0;
		};
		EE9DEAAC2317CAD8002CE7B8 /* Resources */ = {
			isa = PBXResourcesBuildPhase;
			buildActionMask = 2147483647;
			files = (
			);
			runOnlyForDeploymentPostprocessing = 0;
		};
		EE9DEAB72317CAD8002CE7B8 /* Resources */ = {
			isa = PBXResourcesBuildPhase;
			buildActionMask = 2147483647;
			files = (
			);
			runOnlyForDeploymentPostprocessing = 0;
		};
/* End PBXResourcesBuildPhase section */

/* Begin PBXSourcesBuildPhase section */
		EE9DEA962317CAD8002CE7B8 /* Sources */ = {
			isa = PBXSourcesBuildPhase;
			buildActionMask = 2147483647;
			files = (
				EE9DEAA02317CAD8002CE7B8 /* ViewController.swift in Sources */,
				EE9DEA9E2317CAD8002CE7B8 /* AppDelegate.swift in Sources */,
			);
			runOnlyForDeploymentPostprocessing = 0;
		};
		EE9DEAAA2317CAD8002CE7B8 /* Sources */ = {
			isa = PBXSourcesBuildPhase;
			buildActionMask = 2147483647;
			files = (
				EE9DEAB32317CAD8002CE7B8 /* countTests.swift in Sources */,
			);
			runOnlyForDeploymentPostprocessing = 0;
		};
		EE9DEAB52317CAD8002CE7B8 /* Sources */ = {
			isa = PBXSourcesBuildPhase;
			buildActionMask = 2147483647;
			files = (
				EE9DEABE2317CAD9002CE7B8 /* countUITests.swift in Sources */,
			);
			runOnlyForDeploymentPostprocessing = 0;
		};
/* End PBXSourcesBuildPhase section */

/* Begin PBXTargetDependency section */
		EE9DEAB02317CAD8002CE7B8 /* PBXTargetDependency */ = {
			isa = PBXTargetDependency;
			target = EE9DEA992317CAD8002CE7B8 /* count */;
			targetProxy = EE9DEAAF2317CAD8002CE7B8 /* PBXContainerItemProxy */;
		};
		EE9DEABB2317CAD9002CE7B8 /* PBXTargetDependency */ = {
			isa = PBXTargetDependency;
			target = EE9DEA992317CAD8002CE7B8 /* count */;
			targetProxy = EE9DEABA2317CAD9002CE7B8 /* PBXContainerItemProxy */;
		};
/* End PBXTargetDependency section */

/* Begin PBXVariantGroup section */
		EE9DEAA12317CAD8002CE7B8 /* Main.storyboard */ = {
			isa = PBXVariantGroup;
			children = (
				EE9DEAA22317CAD8002CE7B8 /* Base */,
			);
			name = Main.storyboard;
			sourceTree = "<group>";
		};
		EE9DEAA62317CAD8002CE7B8 /* LaunchScreen.storyboard */ = {
			isa = PBXVariantGroup;
			children = (
				EE9DEAA72317CAD8002CE7B8 /* Base */,
			);
			name = LaunchScreen.storyboard;
			sourceTree = "<group>";
		};
/* End PBXVariantGroup section */

/* Begin XCBuildConfiguration section */
		EE9DEAC02317CAD9002CE7B8 /* Debug */ = {
			isa = XCBuildConfiguration;
			buildSettings = {
				ALWAYS_SEARCH_USER_PATHS = NO;
				CLANG_ANALYZER_NONNULL = YES;
				CLANG_ANALYZER_NUMBER_OBJECT_CONVERSION = YES_AGGRESSIVE;
				CLANG_CXX_LANGUAGE_STANDARD = "gnu++14";
				CLANG_CXX_LIBRARY = "libc++";
				CLANG_ENABLE_MODULES = YES;
				CLANG_ENABLE_OBJC_ARC = YES;
				CLANG_WARN_BLOCK_CAPTURE_AUTORELEASING = YES;
				CLANG_WARN_BOOL_CONVERSION = YES;
				CLANG_WARN_COMMA = YES;
				CLANG_WARN_CONSTANT_CONVERSION = YES;
				CLANG_WARN_DIRECT_OBJC_ISA_USAGE = YES_ERROR;
				CLANG_WARN_DOCUMENTATION_COMMENTS = YES;
				CLANG_WARN_EMPTY_BODY = YES;
				CLANG_WARN_ENUM_CONVERSION = YES;
				CLANG_WARN_INFINITE_RECURSION = YES;
				CLANG_WARN_INT_CONVERSION = YES;
				CLANG_WARN_NON_LITERAL_NULL_CONVERSION = YES;
				CLANG_WARN_OBJC_LITERAL_CONVERSION = YES;
				CLANG_WARN_OBJC_ROOT_CLASS = YES_ERROR;
				CLANG_WARN_RANGE_LOOP_ANALYSIS = YES;
				CLANG_WARN_STRICT_PROTOTYPES = YES;
				CLANG_WARN_SUSPICIOUS_MOVE = YES;
				CLANG_WARN_UNGUARDED_AVAILABILITY = YES_AGGRESSIVE;
				CLANG_WARN_UNREACHABLE_CODE = YES;
				CLANG_WARN__DUPLICATE_METHOD_MATCH = YES;
				CODE_SIGN_IDENTITY = "iPhone Developer";
				COPY_PHASE_STRIP = NO;
				DEBUG_INFORMATION_FORMAT = dwarf;
				ENABLE_STRICT_OBJC_MSGSEND = YES;
				ENABLE_TESTABILITY = YES;
				GCC_C_LANGUAGE_STANDARD = gnu11;
				GCC_DYNAMIC_NO_PIC = NO;
				GCC_NO_COMMON_BLOCKS = YES;
				GCC_OPTIMIZATION_LEVEL = 0;
				GCC_PREPROCESSOR_DEFINITIONS = (
					"DEBUG=1",
					"$(inherited)",
				);
				GCC_WARN_64_TO_32_BIT_CONVERSION = YES;
				GCC_WARN_ABOUT_RETURN_TYPE = YES_ERROR;
				GCC_WARN_UNDECLARED_SELECTOR = YES;
				GCC_WARN_UNINITIALIZED_AUTOS = YES_AGGRESSIVE;
				GCC_WARN_UNUSED_FUNCTION = YES;
				GCC_WARN_UNUSED_VARIABLE = YES;
				IPHONEOS_DEPLOYMENT_TARGET = 11.2;
				MTL_ENABLE_DEBUG_INFO = YES;
				ONLY_ACTIVE_ARCH = YES;
				SDKROOT = iphoneos;
				SWIFT_ACTIVE_COMPILATION_CONDITIONS = DEBUG;
				SWIFT_OPTIMIZATION_LEVEL = "-Onone";
			};
			name = Debug;
		};
		EE9DEAC12317CAD9002CE7B8 /* Release */ = {
			isa = XCBuildConfiguration;
			buildSettings = {
				ALWAYS_SEARCH_USER_PATHS = NO;
				CLANG_ANALYZER_NONNULL = YES;
				CLANG_ANALYZER_NUMBER_OBJECT_CONVERSION = YES_AGGRESSIVE;
				CLANG_CXX_LANGUAGE_STANDARD = "gnu++14";
				CLANG_CXX_LIBRARY = "libc++";
				CLANG_ENABLE_MODULES = YES;
				CLANG_ENABLE_OBJC_ARC = YES;
				CLANG_WARN_BLOCK_CAPTURE_AUTORELEASING = YES;
				CLANG_WARN_BOOL_CONVERSION = YES;
				CLANG_WARN_COMMA = YES;
				CLANG_WARN_CONSTANT_CONVERSION = YES;
				CLANG_WARN_DIRECT_OBJC_ISA_USAGE = YES_ERROR;
				CLANG_WARN_DOCUMENTATION_COMMENTS = YES;
				CLANG_WARN_EMPTY_BODY = YES;
				CLANG_WARN_ENUM_CONVERSION = YES;
				CLANG_WARN_INFINITE_RECURSION = YES;
				CLANG_WARN_INT_CONVERSION = YES;
				CLANG_WARN_NON_LITERAL_NULL_CONVERSION = YES;
				CLANG_WARN_OBJC_LITERAL_CONVERSION = YES;
				CLANG_WARN_OBJC_ROOT_CLASS = YES_ERROR;
				CLANG_WARN_RANGE_LOOP_ANALYSIS = YES;
				CLANG_WARN_STRICT_PROTOTYPES = YES;
				CLANG_WARN_SUSPICIOUS_MOVE = YES;
				CLANG_WARN_UNGUARDED_AVAILABILITY = YES_AGGRESSIVE;
				CLANG_WARN_UNREACHABLE_CODE = YES;
				CLANG_WARN__DUPLICATE_METHOD_MATCH = YES;
				CODE_SIGN_IDENTITY = "iPhone Developer";
				COPY_PHASE_STRIP = NO;
				DEBUG_INFORMATION_FORMAT = "dwarf-with-dsym";
				ENABLE_NS_ASSERTIONS = NO;
				ENABLE_STRICT_OBJC_MSGSEND = YES;
				GCC_C_LANGUAGE_STANDARD = gnu11;
				GCC_NO_COMMON_BLOCKS = YES;
				GCC_WARN_64_TO_32_BIT_CONVERSION = YES;
				GCC_WARN_ABOUT_RETURN_TYPE = YES_ERROR;
				GCC_WARN_UNDECLARED_SELECTOR = YES;
				GCC_WARN_UNINITIALIZED_AUTOS = YES_AGGRESSIVE;
				GCC_WARN_UNUSED_FUNCTION = YES;
				GCC_WARN_UNUSED_VARIABLE = YES;
				IPHONEOS_DEPLOYMENT_TARGET = 11.2;
				MTL_ENABLE_DEBUG_INFO = NO;
				SDKROOT = iphoneos;
				SWIFT_OPTIMIZATION_LEVEL = "-Owholemodule";
				VALIDATE_PRODUCT = YES;
			};
			name = Release;
		};
		EE9DEAC32317CAD9002CE7B8 /* Debug */ = {
			isa = XCBuildConfiguration;
			buildSettings = {
				ASSETCATALOG_COMPILER_APPICON_NAME = AppIcon;
				CODE_SIGN_STYLE = Automatic;
				INFOPLIST_FILE = count/Info.plist;
				LD_RUNPATH_SEARCH_PATHS = "$(inherited) @executable_path/Frameworks";
				PRODUCT_BUNDLE_IDENTIFIER = "com.test.company-com.test.company-com.test.company-com.test.company.count";
				PRODUCT_NAME = "$(TARGET_NAME)";
				SWIFT_VERSION = 4.0;
				TARGETED_DEVICE_FAMILY = "1,2";
			};
			name = Debug;
		};
		EE9DEAC42317CAD9002CE7B8 /* Release */ = {
			isa = XCBuildConfiguration;
			buildSettings = {
				ASSETCATALOG_COMPILER_APPICON_NAME = AppIcon;
				CODE_SIGN_STYLE = Automatic;
				INFOPLIST_FILE = count/Info.plist;
				LD_RUNPATH_SEARCH_PATHS = "$(inherited) @executable_path/Frameworks";
				PRODUCT_BUNDLE_IDENTIFIER = "com.test.company-com.test.company-com.test.company-com.test.company.count";
				PRODUCT_NAME = "$(TARGET_NAME)";
				SWIFT_VERSION = 4.0;
				TARGETED_DEVICE_FAMILY = "1,2";
			};
			name = Release;
		};
		EE9DEAC62317CAD9002CE7B8 /* Debug */ = {
			isa = XCBuildConfiguration;
			buildSettings = {
				ALWAYS_EMBED_SWIFT_STANDARD_LIBRARIES = YES;
				BUNDLE_LOADER = "$(TEST_HOST)";
				CODE_SIGN_STYLE = Automatic;
				INFOPLIST_FILE = countTests/Info.plist;
				LD_RUNPATH_SEARCH_PATHS = "$(inherited) @executable_path/Frameworks @loader_path/Frameworks";
				PRODUCT_BUNDLE_IDENTIFIER = "com.test.company-com.test.company-com.test.company-com.test.company.countTests";
				PRODUCT_NAME = "$(TARGET_NAME)";
				SWIFT_VERSION = 4.0;
				TARGETED_DEVICE_FAMILY = "1,2";
				TEST_HOST = "$(BUILT_PRODUCTS_DIR)/count.app/count";
			};
			name = Debug;
		};
		EE9DEAC72317CAD9002CE7B8 /* Release */ = {
			isa = XCBuildConfiguration;
			buildSettings = {
				ALWAYS_EMBED_SWIFT_STANDARD_LIBRARIES = YES;
				BUNDLE_LOADER = "$(TEST_HOST)";
				CODE_SIGN_STYLE = Automatic;
				INFOPLIST_FILE = countTests/Info.plist;
				LD_RUNPATH_SEARCH_PATHS = "$(inherited) @executable_path/Frameworks @loader_path/Frameworks";
				PRODUCT_BUNDLE_IDENTIFIER = "com.test.company-com.test.company-com.test.company-com.test.company.countTests";
				PRODUCT_NAME = "$(TARGET_NAME)";
				SWIFT_VERSION = 4.0;
				TARGETED_DEVICE_FAMILY = "1,2";
				TEST_HOST = "$(BUILT_PRODUCTS_DIR)/count.app/count";
			};
			name = Release;
		};
		EE9DEAC92317CAD9002CE7B8 /* Debug */ = {
			isa = XCBuildConfiguration;
			buildSettings = {
				ALWAYS_EMBED_SWIFT_STANDARD_LIBRARIES = YES;
				CODE_SIGN_STYLE = Automatic;
				INFOPLIST_FILE = countUITests/Info.plist;
				LD_RUNPATH_SEARCH_PATHS = "$(inherited) @executable_path/Frameworks @loader_path/Frameworks";
				PRODUCT_BUNDLE_IDENTIFIER = "com.test.company-com.test.company-com.test.company-com.test.company.countUITests";
				PRODUCT_NAME = "$(TARGET_NAME)";
				SWIFT_VERSION = 4.0;
				TARGETED_DEVICE_FAMILY = "1,2";
				TEST_TARGET_NAME = count;
			};
			name = Debug;
		};
		EE9DEACA2317CAD9002CE7B8 /* Release */ = {
			isa = XCBuildConfiguration;
			buildSettings = {
				ALWAYS_EMBED_SWIFT_STANDARD_LIBRARIES = YES;
				CODE_SIGN_STYLE = Automatic;
				INFOPLIST_FILE = countUITests/Info.plist;
				LD_RUNPATH_SEARCH_PATHS = "$(inherited) @executable_path/Frameworks @loader_path/Frameworks";
				PRODUCT_BUNDLE_IDENTIFIER = "com.test.company-com.test.company-com.test.company-com.test.company.countUITests";
				PRODUCT_NAME = "$(TARGET_NAME)";
				SWIFT_VERSION = 4.0;
				TARGETED_DEVICE_FAMILY = "1,2";
				TEST_TARGET_NAME = count;
			};
			name = Release;
		};
/* End XCBuildConfiguration section */

/* Begin XCConfigurationList section */
		EE9DEA952317CAD8002CE7B8 /* Build configuration list for PBXProject "count" */ = {
			isa = XCConfigurationList;
			buildConfigurations = (
				EE9DEAC02317CAD9002CE7B8 /* Debug */,
				EE9DEAC12317CAD9002CE7B8 /* Release */,
			);
			defaultConfigurationIsVisible = 0;
			defaultConfigurationName = Release;
		};
		EE9DEAC22317CAD9002CE7B8 /* Build configuration list for PBXNativeTarget "count" */ = {
			isa = XCConfigurationList;
			buildConfigurations = (
				EE9DEAC32317CAD9002CE7B8 /* Debug */,
				EE9DEAC42317CAD9002CE7B8 /* Release */,
			);
			defaultConfigurationIsVisible = 0;
			defaultConfigurationName = Release;
		};
		EE9DEAC52317CAD9002CE7B8 /* Build configuration list for PBXNativeTarget "countTests" */ = {
			isa = XCConfigurationList;
			buildConfigurations = (
				EE9DEAC62317CAD9002CE7B8 /* Debug */,
				EE9DEAC72317CAD9002CE7B8 /* Release */,
			);
			defaultConfigurationIsVisible = 0;
			defaultConfigurationName = Release;
		};
		EE9DEAC82317CAD9002CE7B8 /* Build configuration list for PBXNativeTarget "countUITests" */ = {
			isa = XCConfigurationList;
			buildConfigurations = (
				EE9DEAC92317CAD9002CE7B8 /* Debug */,
				EE9DEACA2317CAD9002CE7B8 /* Release */,
			);
			defaultConfigurationIsVisible = 0;
			defaultConfigurationName = Release;
		};
/* End XCConfigurationList section */
	};
	rootObject = EE9DEA922317CAD8002CE7B8 /* Project object */;
}
